<?xml version="1.0" encoding="utf-8"?>
<Project ToolsVersion="4.0" xmlns="http://schemas.microsoft.com/developer/msbuild/2003">
  <ItemGroup>
    <Filter Include="Source Files">
      <UniqueIdentifier>{4FC737F1-C7A5-4376-A066-2A32D752A2FF}</UniqueIdentifier>
      <Extensions>cpp;c;cc;cxx;def;odl;idl;hpj;bat;asm;asmx</Extensions>
    </Filter>
    <Filter Include="Header Files">
      <UniqueIdentifier>{93995380-89BD-4b04-88EB-625FBE52EBFB}</UniqueIdentifier>
      <Extensions>h;hh;hpp;hxx;hm;inl;inc;xsd</Extensions>
    </Filter>
    <Filter Include="Resource Files">
      <UniqueIdentifier>{67DA6AB6-F800-4c08-8B7A-83BB121AAD01}</UniqueIdentifier>
      <Extensions>rc;ico;cur;bmp;dlg;rc2;rct;bin;rgs;gif;jpg;jpeg;jpe;resx;tiff;tif;png;wav;mfcribbon-ms</Extensions>
    </Filter>
  </ItemGroup>
  <ItemGroup>
    <ClCompile Include="Source.cpp">
      <Filter>Source Files</Filter>
    </ClCompile>
    <ClCompile Include="threaded.cpp">
      <Filter>Source Files</Filter>
    </ClCompile>
    <ClCompile Include="fractions.cpp">
      <Filter>Source Files</Filter>
    </ClCompile>
    <ClCompile Include="date.cpp">
      <Filter>Source Files</Filter>
    </ClCompile>
    <ClCompile Include="MemoryHandler.cpp">
      <Filter>Source Files</Filter>
    </ClCompile>
    <ClCompile Include="wkey.cpp">
      <Filter>Source Files</Filter>
    </ClCompile>
    <ClCompile Include="sleep.cpp">
      <Filter>Source Files</Filter>
    </ClCompile>
  </ItemGroup>
  <ItemGroup>
    <ClInclude Include="_void.h">
      <Filter>Header Files</Filter>
    </ClInclude>
    <ClInclude Include="fn_helper.h">
      <Filter>Header Files</Filter>
    </ClInclude>
    <ClInclude Include="menu.h">
      <Filter>Header Files</Filter>
    </ClInclude>
    <ClInclude Include="more_type_traits.h">
      <Filter>Header Files</Filter>
    </ClInclude>
    <ClInclude Include="serialization.h">
      <Filter>Header Files</Filter>
    </ClInclude>
    <ClInclude Include="shallow_delete.h">
      <Filter>Header Files</Filter>
    </ClInclude>
    <ClInclude Include="signals.h">
      <Filter>Header Files</Filter>
    </ClInclude>
    <ClInclude Include="timer.h">
      <Filter>Header Files</Filter>
    </ClInclude>
    <ClInclude Include="va_handler.h">
      <Filter>Header Files</Filter>
    </ClInclude>
    <ClInclude Include="xrnd.h">
      <Filter>Header Files</Filter>
    </ClInclude>
    <ClInclude Include="xvector.h">
      <Filter>Header Files</Filter>
    </ClInclude>
    <ClInclude Include="typeenum.h">
      <Filter>Header Files</Filter>
    </ClInclude>
    <ClInclude Include="size.h">
      <Filter>Header Files</Filter>
    </ClInclude>
    <ClInclude Include="loops.h">
      <Filter>Header Files</Filter>
    </ClInclude>
    <ClInclude Include="error.h">
      <Filter>Header Files</Filter>
    </ClInclude>
    <ClInclude Include="vamacros.h">
      <Filter>Header Files</Filter>
    </ClInclude>
    <ClInclude Include="threaded.h">
      <Filter>Header Files</Filter>
    </ClInclude>
    <ClInclude Include="fn.h">
      <Filter>Header Files</Filter>
    </ClInclude>
    <ClInclude Include="range.h">
      <Filter>Header Files</Filter>
    </ClInclude>
    <ClInclude Include="clarg.h">
      <Filter>Header Files</Filter>
    </ClInclude>
    <ClInclude Include="num.h">
      <Filter>Header Files</Filter>
    </ClInclude>
    <ClInclude Include="simple.h">
      <Filter>Header Files</Filter>
    </ClInclude>
    <ClInclude Include="keyevent_2.h">
      <Filter>Header Files</Filter>
    </ClInclude>
    <ClInclude Include="keyevent.h">
      <Filter>Header Files</Filter>
    </ClInclude>
    <ClInclude Include="mouse.h">
      <Filter>Header Files</Filter>
    </ClInclude>
    <ClInclude Include="crd.h">
      <Filter>Header Files</Filter>
    </ClInclude>
    <ClInclude Include="auto_cast.h">
      <Filter>Header Files</Filter>
    </ClInclude>
    <ClInclude Include="logic.h">
      <Filter>Header Files</Filter>
    </ClInclude>
    <ClInclude Include="list.h">
      <Filter>Header Files</Filter>
    </ClInclude>
    <ClInclude Include="realcall.h">
      <Filter>Header Files</Filter>
    </ClInclude>
    <ClInclude Include="geom.h">
      <Filter>Header Files</Filter>
    </ClInclude>
    <ClInclude Include="crd_cast.h">
      <Filter>Header Files</Filter>
    </ClInclude>
    <ClInclude Include="autolim.h">
      <Filter>Header Files</Filter>
    </ClInclude>
    <ClInclude Include="fractions.h">
      <Filter>Header Files</Filter>
    </ClInclude>
    <ClInclude Include="ctmath.h">
      <Filter>Header Files</Filter>
    </ClInclude>
    <ClInclude Include="ctarray.h">
      <Filter>Header Files</Filter>
    </ClInclude>
    <ClInclude Include="disp.h">
      <Filter>Header Files</Filter>
    </ClInclude>
    <ClInclude Include="listed.h">
      <Filter>Header Files</Filter>
    </ClInclude>
    <ClInclude Include="autoref.h">
      <Filter>Header Files</Filter>
    </ClInclude>
    <ClInclude Include="finally.h">
      <Filter>Header Files</Filter>
    </ClInclude>
    <ClInclude Include="static_if.h">
      <Filter>Header Files</Filter>
    </ClInclude>
    <ClInclude Include="observer.h">
      <Filter>Header Files</Filter>
    </ClInclude>
    <ClInclude Include="abstract.h">
      <Filter>Header Files</Filter>
    </ClInclude>
    <ClInclude Include="atomic.h">
      <Filter>Header Files</Filter>
    </ClInclude>
    <ClInclude Include="bitliteral.h">
      <Filter>Header Files</Filter>
    </ClInclude>
    <ClInclude Include="bitmanager.h">
      <Filter>Header Files</Filter>
    </ClInclude>
    <ClInclude Include="debug.h">
      <Filter>Header Files</Filter>
    </ClInclude>
    <ClInclude Include="dynamic_ptr.h">
      <Filter>Header Files</Filter>
    </ClInclude>
    <ClInclude Include="event.h">
      <Filter>Header Files</Filter>
    </ClInclude>
    <ClInclude Include="fake.h">
      <Filter>Header Files</Filter>
    </ClInclude>
    <ClInclude Include="fncall.h">
      <Filter>Header Files</Filter>
    </ClInclude>
    <ClInclude Include="gc.h">
      <Filter>Header Files</Filter>
    </ClInclude>
    <ClInclude Include="mathfn.h">
      <Filter>Header Files</Filter>
    </ClInclude>
    <ClInclude Include="member.h">
      <Filter>Header Files</Filter>
    </ClInclude>
    <ClInclude Include="typearr.h">
      <Filter>Header Files</Filter>
    </ClInclude>
    <ClInclude Include="warning.h">
      <Filter>Header Files</Filter>
    </ClInclude>
    <ClInclude Include="wrap.h">
      <Filter>Header Files</Filter>
    </ClInclude>
    <ClInclude Include="strmap.h">
      <Filter>Header Files</Filter>
    </ClInclude>
    <ClInclude Include="fixedstr.h">
      <Filter>Header Files</Filter>
    </ClInclude>
    <ClInclude Include="xstring.h">
      <Filter>Header Files</Filter>
    </ClInclude>
    <ClInclude Include="tree.h">
      <Filter>Header Files</Filter>
    </ClInclude>
    <ClInclude Include="two.h">
      <Filter>Header Files</Filter>
    </ClInclude>
    <ClInclude Include="register.h">
      <Filter>Header Files</Filter>
    </ClInclude>
    <ClInclude Include="id.h">
      <Filter>Header Files</Filter>
    </ClInclude>
    <ClInclude Include="result.h">
      <Filter>Header Files</Filter>
    </ClInclude>
    <ClInclude Include="regex.h">
      <Filter>Header Files</Filter>
    </ClInclude>
    <ClInclude Include="log.h">
      <Filter>Header Files</Filter>
    </ClInclude>
    <ClInclude Include="bigint.h">
      <Filter>Header Files</Filter>
    </ClInclude>
    <ClInclude Include="assign.h">
      <Filter>Header Files</Filter>
    </ClInclude>
    <ClInclude Include="allocator.h">
      <Filter>Header Files</Filter>
    </ClInclude>
    <ClInclude Include="clipboard.h">
      <Filter>Header Files</Filter>
    </ClInclude>
    <ClInclude Include="wkey.h">
      <Filter>Header Files</Filter>
    </ClInclude>
    <ClInclude Include="flag.h">
      <Filter>Header Files</Filter>
    </ClInclude>
    <ClInclude Include="queue.h">
      <Filter>Header Files</Filter>
    </ClInclude>
    <ClInclude Include="thread_safe.h">
      <Filter>Header Files</Filter>
    </ClInclude>
    <ClInclude Include="readonly.h">
      <Filter>Header Files</Filter>
    </ClInclude>
    <ClInclude Include="multiset.h">
      <Filter>Header Files</Filter>
    </ClInclude>
    <ClInclude Include="functor.h">
      <Filter>Header Files</Filter>
    </ClInclude>
    <ClInclude Include="expr.h">
      <Filter>Header Files</Filter>
    </ClInclude>
    <ClInclude Include="date.h">
      <Filter>Header Files</Filter>
    </ClInclude>
    <ClInclude Include="MemoryHandler.h">
      <Filter>Header Files</Filter>
    </ClInclude>
    <ClInclude Include="synchronized.h">
      <Filter>Header Files</Filter>
    </ClInclude>
    <ClInclude Include="fnv2.h">
      <Filter>Header Files</Filter>
    </ClInclude>
    <ClInclude Include="ptr_vector.h">
      <Filter>Header Files</Filter>
    </ClInclude>
    <ClInclude Include="byte.h">
      <Filter>Header Files</Filter>
    </ClInclude>
    <ClInclude Include="sleep.h">
      <Filter>Header Files</Filter>
    </ClInclude>
    <ClInclude Include="matrix.h">
      <Filter>Header Files</Filter>
    </ClInclude>
    <ClInclude Include="pow10_table.h">
      <Filter>Header Files</Filter>
    </ClInclude>
    <ClInclude Include="char_class.h">
      <Filter>Header Files</Filter>
    </ClInclude>
  </ItemGroup>
</Project>